
Microsoft Visual Studio Solution File, Format Version 12.00
# Visual Studio Version 17
VisualStudioVersion = 17.7.34031.279
MinimumVisualStudioVersion = 10.0.40219.1
Project("{FAE04EC0-301F-11D3-BF4B-00C04F79EFBC}") = "Project_Work_MAUI", "Project_Work_MAUI\Project_Work_MAUI.csproj", "{4C61D1C2-E0C6-42F1-9184-EB1E3F20AA2A}"
EndProject
Global
	GlobalSection(SolutionConfigurationPlatforms) = preSolution
		Debug|Any CPU = Debug|Any CPU
		Release|Any CPU = Release|Any CPU
	EndGlobalSection
	GlobalSection(ProjectConfigurationPlatforms) = postSolution
		{4C61D1C2-E0C6-42F1-9184-EB1E3F20AA2A}.Debug|Any CPU.ActiveCfg = Debug|Any CPU
		{4C61D1C2-E0C6-42F1-9184-EB1E3F20AA2A}.Debug|Any CPU.Build.0 = Debug|Any CPU
		{4C61D1C2-E0C6-42F1-9184-EB1E3F20AA2A}.Debug|Any CPU.Deploy.0 = Debug|Any CPU
		{4C61D1C2-E0C6-42F1-9184-EB1E3F20AA2A}.Release|Any CPU.ActiveCfg = Release|Any CPU
		{4C61D1C2-E0C6-42F1-9184-EB1E3F20AA2A}.Release|Any CPU.Build.0 = Release|Any CPU
		{4C61D1C2-E0C6-42F1-9184-EB1E3F20AA2A}.Release|Any CPU.Deploy.0 = Release|Any CPU
	EndGlobalSection
	GlobalSection(SolutionProperties) = preSolution
		HideSolutionNode = FALSE
	EndGlobalSection
	GlobalSection(ExtensibilityGlobals) = postSolution
		SolutionGuid = {DECC1A15-3236-47DE-88C1-02A773009124}
	EndGlobalSection
EndGlobal
